
Microsoft Visual Studio Solution File, Format Version 12.00
# Visual Studio 14
VisualStudioVersion = 14.0.23107.0
MinimumVisualStudioVersion = 10.0.40219.1
Project("{8BC9CEB8-8B4A-11D0-8D11-00A0C91BC942}") = "emule", "emule_vc9.vcxproj", "{584EA69D-3443-4197-8994-364880FC1B9B}"
EndProject
Global
	GlobalSection(SolutionConfigurationPlatforms) = preSolution
		_SpecialBootstrapNodes|Win32 = _SpecialBootstrapNodes|Win32
		Beta|Win32 = Beta|Win32
		Debug|Win32 = Debug|Win32
		Release|Win32 = Release|Win32
	EndGlobalSection
	GlobalSection(ProjectConfigurationPlatforms) = postSolution
		{584EA69D-3443-4197-8994-364880FC1B9B}._SpecialBootstrapNodes|Win32.ActiveCfg = _SpecialBootstrapNodes|Win32
		{584EA69D-3443-4197-8994-364880FC1B9B}._SpecialBootstrapNodes|Win32.Build.0 = _SpecialBootstrapNodes|Win32
		{584EA69D-3443-4197-8994-364880FC1B9B}.Beta|Win32.ActiveCfg = Beta|Win32
		{584EA69D-3443-4197-8994-364880FC1B9B}.Beta|Win32.Build.0 = Beta|Win32
		{584EA69D-3443-4197-8994-364880FC1B9B}.Debug|Win32.ActiveCfg = Debug|Win32
		{584EA69D-3443-4197-8994-364880FC1B9B}.Debug|Win32.Build.0 = Debug|Win32
		{584EA69D-3443-4197-8994-364880FC1B9B}.Release|Win32.ActiveCfg = Release|Win32
		{584EA69D-3443-4197-8994-364880FC1B9B}.Release|Win32.Build.0 = Release|Win32
	EndGlobalSection
	GlobalSection(SolutionProperties) = preSolution
		HideSolutionNode = FALSE
	EndGlobalSection
EndGlobal
