Microsoft Visual Studio Solution File, Format Version 8.00
Project("{8BC9CEB8-8B4A-11D0-8D11-00A0C91BC942}") = "emule", "emule_vc71.vcproj", "{584EA69D-3443-4197-8994-364880FC1B9B}"
	ProjectSection(ProjectDependencies) = postProject
		{18E0A60D-3346-431A-B24D-304A002E88A4} = {18E0A60D-3346-431A-B24D-304A002E88A4}
		{DD60F813-5115-4A7E-B7C4-A5DCB15231BF} = {DD60F813-5115-4A7E-B7C4-A5DCB15231BF}
		{0D7BD925-80AE-40C4-98D7-B783A35B7228} = {0D7BD925-80AE-40C4-98D7-B783A35B7228}
		{B437B84A-B4B0-4389-BF5B-7E25FD9DCF3D} = {B437B84A-B4B0-4389-BF5B-7E25FD9DCF3D}
		{4AACBF8D-B90F-41AD-A5BE-D5E557C668E3} = {4AACBF8D-B90F-41AD-A5BE-D5E557C668E3}
		{0F8DCF94-305E-4655-AFBD-80FF4CF86316} = {0F8DCF94-305E-4655-AFBD-80FF4CF86316}
		{58A54F98-FF3F-472F-9282-DA411EE850A2} = {58A54F98-FF3F-472F-9282-DA411EE850A2}
		{CC763AB0-5EBF-4A3F-884D-F5E2D12E12F3} = {CC763AB0-5EBF-4A3F-884D-F5E2D12E12F3}
		{E27AB0B5-84CC-47E8-8F43-34C4F3FDA71E} = {E27AB0B5-84CC-47E8-8F43-34C4F3FDA71E}
	EndProjectSection
EndProject
Project("{8BC9CEB8-8B4A-11D0-8D11-00A0C91BC942}") = "cryptlib", "..\crypto51\cryptlib_vc71.vcproj", "{DD60F813-5115-4A7E-B7C4-A5DCB15231BF}"
	ProjectSection(ProjectDependencies) = postProject
	EndProjectSection
EndProject
Project("{8BC9CEB8-8B4A-11D0-8D11-00A0C91BC942}") = "id3lib", "..\id3lib\libprj\id3lib_vc71.vcproj", "{4AACBF8D-B90F-41AD-A5BE-D5E557C668E3}"
	ProjectSection(ProjectDependencies) = postProject
	EndProjectSection
EndProject
Project("{8BC9CEB8-8B4A-11D0-8D11-00A0C91BC942}") = "ResizableLib", "..\ResizableLib\ResizableLib_vc71.vcproj", "{18E0A60D-3346-431A-B24D-304A002E88A4}"
	ProjectSection(ProjectDependencies) = postProject
	EndProjectSection
EndProject
Project("{8BC9CEB8-8B4A-11D0-8D11-00A0C91BC942}") = "CxImage", "CxImage\cximage_vc71.vcproj", "{B437B84A-B4B0-4389-BF5B-7E25FD9DCF3D}"
	ProjectSection(ProjectDependencies) = postProject
	EndProjectSection
EndProject
Project("{8BC9CEB8-8B4A-11D0-8D11-00A0C91BC942}") = "zlib", "..\zlib\zlib_vc71.vcproj", "{0F8DCF94-305E-4655-AFBD-80FF4CF86316}"
	ProjectSection(ProjectDependencies) = postProject
	EndProjectSection
EndProject
Project("{8BC9CEB8-8B4A-11D0-8D11-00A0C91BC942}") = "libpng", "..\libpng\projects\visualc71\libpng.vcproj", "{E27AB0B5-84CC-47E8-8F43-34C4F3FDA71E}"
	ProjectSection(ProjectDependencies) = postProject
	EndProjectSection
EndProject
Project("{8BC9CEB8-8B4A-11D0-8D11-00A0C91BC942}") = "miniupnpc", "miniupnpc\miniupnpc.vcproj", "{CC763AB0-5EBF-4A3F-884D-F5E2D12E12F3}"
	ProjectSection(ProjectDependencies) = postProject
	EndProjectSection
EndProject
Project("{8BC9CEB8-8B4A-11D0-8D11-00A0C91BC942}") = "ReplaceVistaIcon", "..\ReplaceVistaIcon\ReplaceVistaIcon_vc71.vcproj", "{58A54F98-FF3F-472F-9282-DA411EE850A2}"
	ProjectSection(ProjectDependencies) = postProject
	EndProjectSection
EndProject
Project("{8BC9CEB8-8B4A-11D0-8D11-00A0C91BC942}") = "EditBinX", "..\EditBinX\EditBinX.vcproj", "{0D7BD925-80AE-40C4-98D7-B783A35B7228}"
	ProjectSection(ProjectDependencies) = postProject
	EndProjectSection
EndProject
Global
	GlobalSection(SolutionConfiguration) = preSolution
		Debug = Debug
		Release = Release
	EndGlobalSection
	GlobalSection(ProjectDependencies) = postSolution
	EndGlobalSection
	GlobalSection(ProjectConfiguration) = postSolution
		{584EA69D-3443-4197-8994-364880FC1B9B}.Debug.ActiveCfg = Debug|Win32
		{584EA69D-3443-4197-8994-364880FC1B9B}.Debug.Build.0 = Debug|Win32
		{584EA69D-3443-4197-8994-364880FC1B9B}.Release.ActiveCfg = Release|Win32
		{584EA69D-3443-4197-8994-364880FC1B9B}.Release.Build.0 = Release|Win32
		{DD60F813-5115-4A7E-B7C4-A5DCB15231BF}.Debug.ActiveCfg = Debug|Win32
		{DD60F813-5115-4A7E-B7C4-A5DCB15231BF}.Debug.Build.0 = Debug|Win32
		{DD60F813-5115-4A7E-B7C4-A5DCB15231BF}.Release.ActiveCfg = Release|Win32
		{DD60F813-5115-4A7E-B7C4-A5DCB15231BF}.Release.Build.0 = Release|Win32
		{4AACBF8D-B90F-41AD-A5BE-D5E557C668E3}.Debug.ActiveCfg = Debug|Win32
		{4AACBF8D-B90F-41AD-A5BE-D5E557C668E3}.Debug.Build.0 = Debug|Win32
		{4AACBF8D-B90F-41AD-A5BE-D5E557C668E3}.Release.ActiveCfg = Release|Win32
		{4AACBF8D-B90F-41AD-A5BE-D5E557C668E3}.Release.Build.0 = Release|Win32
		{18E0A60D-3346-431A-B24D-304A002E88A4}.Debug.ActiveCfg = Unicode Debug|Win32
		{18E0A60D-3346-431A-B24D-304A002E88A4}.Debug.Build.0 = Unicode Debug|Win32
		{18E0A60D-3346-431A-B24D-304A002E88A4}.Release.ActiveCfg = Unicode Release|Win32
		{18E0A60D-3346-431A-B24D-304A002E88A4}.Release.Build.0 = Unicode Release|Win32
		{B437B84A-B4B0-4389-BF5B-7E25FD9DCF3D}.Debug.ActiveCfg = Debug|Win32
		{B437B84A-B4B0-4389-BF5B-7E25FD9DCF3D}.Debug.Build.0 = Debug|Win32
		{B437B84A-B4B0-4389-BF5B-7E25FD9DCF3D}.Release.ActiveCfg = Release|Win32
		{B437B84A-B4B0-4389-BF5B-7E25FD9DCF3D}.Release.Build.0 = Release|Win32
		{0F8DCF94-305E-4655-AFBD-80FF4CF86316}.Debug.ActiveCfg = Debug|Win32
		{0F8DCF94-305E-4655-AFBD-80FF4CF86316}.Debug.Build.0 = Debug|Win32
		{0F8DCF94-305E-4655-AFBD-80FF4CF86316}.Release.ActiveCfg = Release|Win32
		{0F8DCF94-305E-4655-AFBD-80FF4CF86316}.Release.Build.0 = Release|Win32
		{E27AB0B5-84CC-47E8-8F43-34C4F3FDA71E}.Debug.ActiveCfg = LIB Debug|Win32
		{E27AB0B5-84CC-47E8-8F43-34C4F3FDA71E}.Debug.Build.0 = LIB Debug|Win32
		{E27AB0B5-84CC-47E8-8F43-34C4F3FDA71E}.Release.ActiveCfg = LIB Release|Win32
		{E27AB0B5-84CC-47E8-8F43-34C4F3FDA71E}.Release.Build.0 = LIB Release|Win32
		{CC763AB0-5EBF-4A3F-884D-F5E2D12E12F3}.Debug.ActiveCfg = Debug|Win32
		{CC763AB0-5EBF-4A3F-884D-F5E2D12E12F3}.Debug.Build.0 = Debug|Win32
		{CC763AB0-5EBF-4A3F-884D-F5E2D12E12F3}.Release.ActiveCfg = Release|Win32
		{CC763AB0-5EBF-4A3F-884D-F5E2D12E12F3}.Release.Build.0 = Release|Win32
		{58A54F98-FF3F-472F-9282-DA411EE850A2}.Debug.ActiveCfg = Debug|Win32
		{58A54F98-FF3F-472F-9282-DA411EE850A2}.Release.ActiveCfg = Release|Win32
		{58A54F98-FF3F-472F-9282-DA411EE850A2}.Release.Build.0 = Release|Win32
		{0D7BD925-80AE-40C4-98D7-B783A35B7228}.Debug.ActiveCfg = Debug|Win32
		{0D7BD925-80AE-40C4-98D7-B783A35B7228}.Release.ActiveCfg = Release|Win32
		{0D7BD925-80AE-40C4-98D7-B783A35B7228}.Release.Build.0 = Release|Win32
	EndGlobalSection
	GlobalSection(ExtensibilityGlobals) = postSolution
	EndGlobalSection
	GlobalSection(ExtensibilityAddIns) = postSolution
	EndGlobalSection
	GlobalSection(DevPartner) = postSolution
	EndGlobalSection
	GlobalSection(DevPartner) = postSolution
	EndGlobalSection
	GlobalSection(DevPartner) = postSolution
	EndGlobalSection
	GlobalSection(DevPartner) = postSolution
	EndGlobalSection
	GlobalSection(DevPartner) = postSolution
	EndGlobalSection
EndGlobal
