Microsoft Visual Studio Solution File, Format Version 8.00
Project("{8BC9CEB8-8B4A-11D0-8D11-00A0C91BC942}") = "id3lib", "id3lib_vc71.vcproj", "{4AACBF8D-B90F-41AD-A5BE-D5E557C668E3}"
	ProjectSection(ProjectDependencies) = postProject
	EndProjectSection
EndProject
Global
	GlobalSection(SolutionConfiguration) = preSolution
		Debug = Debug
		Release = Release
	EndGlobalSection
	GlobalSection(ProjectDependencies) = postSolution
	EndGlobalSection
	GlobalSection(ProjectConfiguration) = postSolution
		{4AACBF8D-B90F-41AD-A5BE-D5E557C668E3}.Debug.ActiveCfg = Debug|Win32
		{4AACBF8D-B90F-41AD-A5BE-D5E557C668E3}.Debug.Build.0 = Debug|Win32
		{4AACBF8D-B90F-41AD-A5BE-D5E557C668E3}.Release.ActiveCfg = Release|Win32
		{4AACBF8D-B90F-41AD-A5BE-D5E557C668E3}.Release.Build.0 = Release|Win32
	EndGlobalSection
	GlobalSection(ExtensibilityGlobals) = postSolution
	EndGlobalSection
	GlobalSection(ExtensibilityAddIns) = postSolution
	EndGlobalSection
EndGlobal
