Microsoft Visual Studio Solution File, Format Version 7.00
Project("{8BC9CEB8-8B4A-11D0-8D11-00A0C91BC942}") = "languages - Arabic (UAE)", "ar_AE.vcproj", "{A710033C-F75A-4431-96AA-876A9867A2F8}"
EndProject
Project("{8BC9CEB8-8B4A-11D0-8D11-00A0C91BC942}") = "languages - Bulgarian", "bg_BG.vcproj", "{44716561-6BA7-40DA-AE7F-F3FFB422E86D}"
EndProject
Project("{8BC9CEB8-8B4A-11D0-8D11-00A0C91BC942}") = "languages - Catalan", "ca_ES.vcproj", "{0C96EF73-186D-4888-BB53-EECE60B55647}"
EndProject
Project("{8BC9CEB8-8B4A-11D0-8D11-00A0C91BC942}") = "languages - Danish", "da_DK.vcproj", "{0C42D310-84EB-462F-944B-7166C0D071E9}"
EndProject
Project("{8BC9CEB8-8B4A-11D0-8D11-00A0C91BC942}") = "languages - German (Germany)", "de_DE.vcproj", "{8104E8D8-7343-4BE7-8955-80A1F2D26EC1}"
EndProject
Project("{8BC9CEB8-8B4A-11D0-8D11-00A0C91BC942}") = "languages - Greek", "el_GR.vcproj", "{8DA8A9E2-9987-4B68-9825-45C445C52730}"
EndProject
Project("{8BC9CEB8-8B4A-11D0-8D11-00A0C91BC942}") = "languages - Spanish (Castilian)", "es_ES_T.vcproj", "{B0DAEE35-FD0F-4FAF-A7C1-3D52103B3E81}"
EndProject
Project("{8BC9CEB8-8B4A-11D0-8D11-00A0C91BC942}") = "languages - Estonian", "et_EE.vcproj", "{14AB1B79-6F57-43EB-A5EA-B9B117B659B4}"
EndProject
Project("{8BC9CEB8-8B4A-11D0-8D11-00A0C91BC942}") = "languages - Farsi", "fa_IR.vcproj", "{F2ED1274-6DA7-4F08-B9C8-1915409EAEC1}"
EndProject
Project("{8BC9CEB8-8B4A-11D0-8D11-00A0C91BC942}") = "languages - Finnish", "fi_FI.vcproj", "{745D6455-7389-4C76-8275-D91F7451E0FA}"
EndProject
Project("{8BC9CEB8-8B4A-11D0-8D11-00A0C91BC942}") = "languages - French (France)", "fr_FR.vcproj", "{A7E4E792-AA76-4977-A725-1C428AADE381}"
EndProject
Project("{8BC9CEB8-8B4A-11D0-8D11-00A0C91BC942}") = "languages - Hungarian", "hu_HU.vcproj", "{3C9B64A2-6676-4A60-A805-15301A18C550}"
EndProject
Project("{8BC9CEB8-8B4A-11D0-8D11-00A0C91BC942}") = "languages - Italian (Italy)", "it_IT.vcproj", "{FEF2FD72-388B-42F6-B5DA-B9A663ACF557}"
EndProject
Project("{8BC9CEB8-8B4A-11D0-8D11-00A0C91BC942}") = "languages - Korean", "ko_KR.vcproj", "{AA2EA361-4793-4FF7-A042-40E271030CC4}"
EndProject
Project("{8BC9CEB8-8B4A-11D0-8D11-00A0C91BC942}") = "languages - Lithuanian", "lt_LT.vcproj", "{9B6F843F-A792-466D-98E3-A3921525AFF5}"
EndProject
Project("{8BC9CEB8-8B4A-11D0-8D11-00A0C91BC942}") = "languages - Latvian", "lv_LV.vcproj", "{2885B86D-9DDA-460C-9FB8-41B005F15349}"
EndProject
Project("{8BC9CEB8-8B4A-11D0-8D11-00A0C91BC942}") = "languages - Norwegian (Bokmal)", "nb_NO.vcproj", "{DE470764-A818-4780-B590-78EB8D560E89}"
EndProject
Project("{8BC9CEB8-8B4A-11D0-8D11-00A0C91BC942}") = "languages - Dutch (Netherlands)", "nl_NL.vcproj", "{A989B752-28A2-44E7-8C19-F49C7ECD61DC}"
EndProject
Project("{8BC9CEB8-8B4A-11D0-8D11-00A0C91BC942}") = "languages - Polish", "pl_PL.vcproj", "{57E9C9FF-E57F-46E0-823A-38DD76FEEBC6}"
EndProject
Project("{8BC9CEB8-8B4A-11D0-8D11-00A0C91BC942}") = "languages - Portuguese (Brazil)", "pt_BR.vcproj", "{C7F4CB73-7D57-4077-9C04-931A6CB0677D}"
EndProject
Project("{8BC9CEB8-8B4A-11D0-8D11-00A0C91BC942}") = "languages - Portuguese (Portugal)", "pt_PT.vcproj", "{64DFFE85-14E0-41D7-ADFA-7D53EE81D1B2}"
EndProject
Project("{8BC9CEB8-8B4A-11D0-8D11-00A0C91BC942}") = "languages - Russian", "ru_RU.vcproj", "{4AE4AB3A-FD80-4DFE-BF9B-AC845DCF2449}"
EndProject
Project("{8BC9CEB8-8B4A-11D0-8D11-00A0C91BC942}") = "languages - Slovenian", "sl_SI.vcproj", "{F8A9B7BC-3CBB-4DEC-A04E-5224A65A6632}"
EndProject
Project("{8BC9CEB8-8B4A-11D0-8D11-00A0C91BC942}") = "languages - Swedish", "sv_SE.vcproj", "{2AECAA37-18C5-4C04-8E34-3E6EDCD926AE}"
EndProject
Project("{8BC9CEB8-8B4A-11D0-8D11-00A0C91BC942}") = "languages - Turkish", "tr_TR.vcproj", "{EFE9605D-BF5C-4339-9A5A-32184D4BD03C}"
EndProject
Project("{8BC9CEB8-8B4A-11D0-8D11-00A0C91BC942}") = "languages - Chinese (P.R.C.)", "zh_CN.vcproj", "{BFCEE1BE-5DC9-4CDF-B55E-6DEDFC4FF782}"
EndProject
Project("{8BC9CEB8-8B4A-11D0-8D11-00A0C91BC942}") = "languages - Chinese (Taiwan)", "zh_TW.vcproj", "{DB748474-ADA6-4AEB-8694-F02088D88AD7}"
EndProject
Project("{8BC9CEB8-8B4A-11D0-8D11-00A0C91BC942}") = "languages - Galician", "gl_ES.vcproj", "{583840C9-525A-4417-866C-6197EBC12214}"
EndProject
Project("{8BC9CEB8-8B4A-11D0-8D11-00A0C91BC942}") = "languages - Hebrew (Israel)", "he_IL.vcproj", "{A7E4E792-AA76-4977-A725-1C428AADE381}"
EndProject
Project("{8BC9CEB8-8B4A-11D0-8D11-00A0C91BC942}") = "languages - Japanese", "jp_JP.vcproj", "{8104E8D8-7343-4BE7-8955-80A1F2D26EC1}"
EndProject
Project("{8BC9CEB8-8B4A-11D0-8D11-00A0C91BC942}") = "languages - Czech", "cz_CZ.vcproj", "{0C42D310-84EB-462F-944B-7166C0D071E9}"
EndProject
Project("{8BC9CEB8-8B4A-11D0-8D11-00A0C91BC942}") = "languages - Romania", "ro_RO.vcproj", "{4AE4AB3A-FD80-4DFE-BF9B-AC845DCF2449}"
EndProject
Project("{8BC9CEB8-8B4A-11D0-8D11-00A0C91BC942}") = "languages - French (Breton)", "fr_BR.vcproj", "{A7E4E792-AA76-4977-A725-1C428AADE381}"
EndProject
Project("{8BC9CEB8-8B4A-11D0-8D11-00A0C91BC942}") = "languages - Basque", "ba_BA.vcproj", "{8104E8D8-7343-4BE7-8955-80A1F2D26EC1}"
EndProject
Project("{8BC9CEB8-8B4A-11D0-8D11-00A0C91BC942}") = "languages - Norwegian (Nynorsk)", "nn_NO.vcproj", "{DE470764-A818-4780-B590-78EB8D560E89}"
EndProject
Project("{8BC9CEB8-8B4A-11D0-8D11-00A0C91BC942}") = "languages - Albanian (Albania)", "sq_AL.vcproj", "{8104E8D8-7343-4BE7-8955-80A1F2D26EC2}"
EndProject
Project("{8BC9CEB8-8B4A-11D0-8D11-00A0C91BC942}") = "languages - Ukrainian", "ua_UA.vcproj", "{8104E8D8-7343-4BE7-8955-80A1F2D26EC1}"
EndProject
Project("{8BC9CEB8-8B4A-11D0-8D11-00A0C91BC942}") = "languages - Maltese", "mt_MT.vcproj", "{EFE9605D-BF5C-4339-9A5A-32184D4BD03C}"
EndProject
Project("{8BC9CEB8-8B4A-11D0-8D11-00A0C91BC942}") = "languages - Asturian", "es_AS.vcproj", "{B0DAEE35-FD0F-4FAF-A7C1-3D52103B3E81}"
EndProject
Project("{8BC9CEB8-8B4A-11D0-8D11-00A0C91BC942}") = "languages - Vietnamese", "vi_VN.vcproj", "{8104E8D8-7343-4BE7-8955-80A1F2D26EC1}"
EndProject
Project("{8BC9CEB8-8B4A-11D0-8D11-00A0C91BC942}") = "languages - Valencian", "va_ES.vcproj", "{506A62DC-BB66-4686-BCBE-E1BBB0B1E27A}"
EndProject
Project("{8BC9CEB8-8B4A-11D0-8D11-00A0C91BC942}") = "languages - Valencian (RACV)", "va_ES_RACV.vcproj", "{506A62DC-BB66-4686-BCBE-E1BBB0B1E27A}"
EndProject
Global
	GlobalSection(SolutionConfiguration) = preSolution
		ConfigName.0 = Dynamic
	EndGlobalSection
	GlobalSection(ProjectDependencies) = postSolution
	EndGlobalSection
	GlobalSection(ProjectConfiguration) = postSolution
		{A710033C-F75A-4431-96AA-876A9867A2F8}.Dynamic.ActiveCfg = Dynamic|Win32
		{A710033C-F75A-4431-96AA-876A9867A2F8}.Dynamic.Build.0 = Dynamic|Win32
		{44716561-6BA7-40DA-AE7F-F3FFB422E86D}.Dynamic.ActiveCfg = Dynamic|Win32
		{44716561-6BA7-40DA-AE7F-F3FFB422E86D}.Dynamic.Build.0 = Dynamic|Win32
		{0C96EF73-186D-4888-BB53-EECE60B55647}.Dynamic.ActiveCfg = Dynamic|Win32
		{0C96EF73-186D-4888-BB53-EECE60B55647}.Dynamic.Build.0 = Dynamic|Win32
		{0C42D310-84EB-462F-944B-7166C0D071E9}.Dynamic.ActiveCfg = Dynamic|Win32
		{0C42D310-84EB-462F-944B-7166C0D071E9}.Dynamic.Build.0 = Dynamic|Win32
		{8104E8D8-7343-4BE7-8955-80A1F2D26EC1}.Dynamic.ActiveCfg = Dynamic|Win32
		{8104E8D8-7343-4BE7-8955-80A1F2D26EC1}.Dynamic.Build.0 = Dynamic|Win32
		{8DA8A9E2-9987-4B68-9825-45C445C52730}.Dynamic.ActiveCfg = Dynamic|Win32
		{8DA8A9E2-9987-4B68-9825-45C445C52730}.Dynamic.Build.0 = Dynamic|Win32
		{B0DAEE35-FD0F-4FAF-A7C1-3D52103B3E81}.Dynamic.ActiveCfg = Dynamic|Win32
		{B0DAEE35-FD0F-4FAF-A7C1-3D52103B3E81}.Dynamic.Build.0 = Dynamic|Win32
		{14AB1B79-6F57-43EB-A5EA-B9B117B659B4}.Dynamic.ActiveCfg = Dynamic|Win32
		{14AB1B79-6F57-43EB-A5EA-B9B117B659B4}.Dynamic.Build.0 = Dynamic|Win32
		{745D6455-7389-4C76-8275-D91F7451E0FA}.Dynamic.ActiveCfg = Dynamic|Win32
		{745D6455-7389-4C76-8275-D91F7451E0FA}.Dynamic.Build.0 = Dynamic|Win32
		{A7E4E792-AA76-4977-A725-1C428AADE381}.Dynamic.ActiveCfg = Dynamic|Win32
		{A7E4E792-AA76-4977-A725-1C428AADE381}.Dynamic.Build.0 = Dynamic|Win32
		{3C9B64A2-6676-4A60-A805-15301A18C550}.Dynamic.ActiveCfg = Dynamic|Win32
		{3C9B64A2-6676-4A60-A805-15301A18C550}.Dynamic.Build.0 = Dynamic|Win32
		{FEF2FD72-388B-42F6-B5DA-B9A663ACF557}.Dynamic.ActiveCfg = Dynamic|Win32
		{FEF2FD72-388B-42F6-B5DA-B9A663ACF557}.Dynamic.Build.0 = Dynamic|Win32
		{AA2EA361-4793-4FF7-A042-40E271030CC4}.Dynamic.ActiveCfg = Dynamic|Win32
		{AA2EA361-4793-4FF7-A042-40E271030CC4}.Dynamic.Build.0 = Dynamic|Win32
		{9B6F843F-A792-466D-98E3-A3921525AFF5}.Dynamic.ActiveCfg = Dynamic|Win32
		{9B6F843F-A792-466D-98E3-A3921525AFF5}.Dynamic.Build.0 = Dynamic|Win32
		{2885B86D-9DDA-460C-9FB8-41B005F15349}.Dynamic.ActiveCfg = Dynamic|Win32
		{2885B86D-9DDA-460C-9FB8-41B005F15349}.Dynamic.Build.0 = Dynamic|Win32
		{DE470764-A818-4780-B590-78EB8D560E89}.Dynamic.ActiveCfg = Dynamic|Win32
		{DE470764-A818-4780-B590-78EB8D560E89}.Dynamic.Build.0 = Dynamic|Win32
		{A989B752-28A2-44E7-8C19-F49C7ECD61DC}.Dynamic.ActiveCfg = Dynamic|Win32
		{A989B752-28A2-44E7-8C19-F49C7ECD61DC}.Dynamic.Build.0 = Dynamic|Win32
		{57E9C9FF-E57F-46E0-823A-38DD76FEEBC6}.Dynamic.ActiveCfg = Dynamic|Win32
		{57E9C9FF-E57F-46E0-823A-38DD76FEEBC6}.Dynamic.Build.0 = Dynamic|Win32
		{C7F4CB73-7D57-4077-9C04-931A6CB0677D}.Dynamic.ActiveCfg = Dynamic|Win32
		{C7F4CB73-7D57-4077-9C04-931A6CB0677D}.Dynamic.Build.0 = Dynamic|Win32
		{64DFFE85-14E0-41D7-ADFA-7D53EE81D1B2}.Dynamic.ActiveCfg = Dynamic|Win32
		{64DFFE85-14E0-41D7-ADFA-7D53EE81D1B2}.Dynamic.Build.0 = Dynamic|Win32
		{4AE4AB3A-FD80-4DFE-BF9B-AC845DCF2449}.Dynamic.ActiveCfg = Dynamic|Win32
		{4AE4AB3A-FD80-4DFE-BF9B-AC845DCF2449}.Dynamic.Build.0 = Dynamic|Win32
		{F8A9B7BC-3CBB-4DEC-A04E-5224A65A6632}.Dynamic.ActiveCfg = Dynamic|Win32
		{F8A9B7BC-3CBB-4DEC-A04E-5224A65A6632}.Dynamic.Build.0 = Dynamic|Win32
		{2AECAA37-18C5-4C04-8E34-3E6EDCD926AE}.Dynamic.ActiveCfg = Dynamic|Win32
		{2AECAA37-18C5-4C04-8E34-3E6EDCD926AE}.Dynamic.Build.0 = Dynamic|Win32
		{EFE9605D-BF5C-4339-9A5A-32184D4BD03C}.Dynamic.ActiveCfg = Dynamic|Win32
		{EFE9605D-BF5C-4339-9A5A-32184D4BD03C}.Dynamic.Build.0 = Dynamic|Win32
		{BFCEE1BE-5DC9-4CDF-B55E-6DEDFC4FF782}.Dynamic.ActiveCfg = Dynamic|Win32
		{BFCEE1BE-5DC9-4CDF-B55E-6DEDFC4FF782}.Dynamic.Build.0 = Dynamic|Win32
		{DB748474-ADA6-4AEB-8694-F02088D88AD7}.Dynamic.ActiveCfg = Dynamic|Win32
		{DB748474-ADA6-4AEB-8694-F02088D88AD7}.Dynamic.Build.0 = Dynamic|Win32
		{583840C9-525A-4417-866C-6197EBC12214}.Dynamic.ActiveCfg = Dynamic|Win32
		{583840C9-525A-4417-866C-6197EBC12214}.Dynamic.Build.0 = Dynamic|Win32
		{A7E4E792-AA76-4977-A725-1C428AADE381}.Dynamic.ActiveCfg = Dynamic|Win32
		{A7E4E792-AA76-4977-A725-1C428AADE381}.Dynamic.Build.0 = Dynamic|Win32
		{8104E8D8-7343-4BE7-8955-80A1F2D26EC1}.Dynamic.ActiveCfg = Dynamic|Win32
		{8104E8D8-7343-4BE7-8955-80A1F2D26EC1}.Dynamic.Build.0 = Dynamic|Win32
		{0C42D310-84EB-462F-944B-7166C0D071E9}.Dynamic.ActiveCfg = Dynamic|Win32
		{0C42D310-84EB-462F-944B-7166C0D071E9}.Dynamic.Build.0 = Dynamic|Win32
		{4AE4AB3A-FD80-4DFE-BF9B-AC845DCF2449}.Dynamic.ActiveCfg = Dynamic|Win32
		{4AE4AB3A-FD80-4DFE-BF9B-AC845DCF2449}.Dynamic.Build.0 = Dynamic|Win32
		{A7E4E792-AA76-4977-A725-1C428AADE381}.Dynamic.ActiveCfg = Dynamic|Win32
		{A7E4E792-AA76-4977-A725-1C428AADE381}.Dynamic.Build.0 = Dynamic|Win32
		{8104E8D8-7343-4BE7-8955-80A1F2D26EC1}.Dynamic.ActiveCfg = Dynamic|Win32
		{8104E8D8-7343-4BE7-8955-80A1F2D26EC1}.Dynamic.Build.0 = Dynamic|Win32
		{DE470764-A818-4780-B590-78EB8D560E89}.Dynamic.ActiveCfg = Dynamic|Win32
		{DE470764-A818-4780-B590-78EB8D560E89}.Dynamic.Build.0 = Dynamic|Win32
		{8104E8D8-7343-4BE7-8955-80A1F2D26EC2}.Dynamic.ActiveCfg = Dynamic|Win32
		{8104E8D8-7343-4BE7-8955-80A1F2D26EC2}.Dynamic.Build.0 = Dynamic|Win32
		{8104E8D8-7343-4BE7-8955-80A1F2D26EC1}.Dynamic.ActiveCfg = Dynamic|Win32
		{8104E8D8-7343-4BE7-8955-80A1F2D26EC1}.Dynamic.Build.0 = Dynamic|Win32
		{EFE9605D-BF5C-4339-9A5A-32184D4BD03C}.Dynamic.ActiveCfg = Dynamic|Win32
		{EFE9605D-BF5C-4339-9A5A-32184D4BD03C}.Dynamic.Build.0 = Dynamic|Win32
		{B0DAEE35-FD0F-4FAF-A7C1-3D52103B3E81}.Dynamic.ActiveCfg = Dynamic|Win32
		{B0DAEE35-FD0F-4FAF-A7C1-3D52103B3E81}.Dynamic.Build.0 = Dynamic|Win32
		{8104E8D8-7343-4BE7-8955-80A1F2D26EC1}.Dynamic.ActiveCfg = Dynamic|Win32
		{8104E8D8-7343-4BE7-8955-80A1F2D26EC1}.Dynamic.Build.0 = Dynamic|Win32
		{506A62DC-BB66-4686-BCBE-E1BBB0B1E27A}.Dynamic.ActiveCfg = Dynamic|Win32
		{506A62DC-BB66-4686-BCBE-E1BBB0B1E27A}.Dynamic.Build.0 = Dynamic|Win32
	EndGlobalSection
	GlobalSection(ExtensibilityGlobals) = postSolution
	EndGlobalSection
	GlobalSection(ExtensibilityAddIns) = postSolution
	EndGlobalSection
	GlobalSection(DevPartner) = postSolution
	EndGlobalSection
	GlobalSection(DevPartner) = postSolution
	EndGlobalSection
	GlobalSection(DevPartner) = postSolution
	EndGlobalSection
	GlobalSection(DevPartner) = postSolution
	EndGlobalSection
	GlobalSection(DevPartner) = postSolution
	EndGlobalSection
EndGlobal
